# THIS IS AN AUTOGENERATED FILE. DO NOT EDIT THIS FILE DIRECTLY.
# yarn lockfile v1


"@types/fs-extra@^9.0.8":
  version "9.0.8"
  resolved "https://registry.yarnpkg.com/@types/fs-extra/-/fs-extra-9.0.8.tgz#32c3c07ddf8caa5020f84b5f65a48470519f78ba"
  integrity sha512-bnlTVTwq03Na7DpWxFJ1dvnORob+Otb8xHyUqUWhqvz/Ksg8+JXPlR52oeMSZ37YEOa5PyccbgUNutiQdi13TA==
  dependencies:
    "@types/node" "*"

"@types/node@*":
  version "14.14.31"
  resolved "https://registry.yarnpkg.com/@types/node/-/node-14.14.31.tgz#72286bd33d137aa0d152d47ec7c1762563d34055"
  integrity sha512-vFHy/ezP5qI0rFgJ7aQnjDXwAMrG0KqqIH7tQG5PPv3BWBayOPIQNBjVc/P6hhdZfMx51REc6tfDNXHUio893g==

"@types/pngjs@^6.0.0":
  version "6.0.0"
  resolved "https://registry.yarnpkg.com/@types/pngjs/-/pngjs-6.0.0.tgz#d5372348793a383eb2220e43b661af61daf364b8"
  integrity sha512-PyZJHtd/mGA9a+cb3RQvd2pj56OIoo522sEhGZvq9THfBv5skyPRo50o3Hvy+n6U0u8RWteMHhlvLfN4FOZTaA==
  dependencies:
    "@types/node" "*"

array-parallel@~0.1.3:
  version "0.1.3"
  resolved "https://registry.yarnpkg.com/array-parallel/-/array-parallel-0.1.3.tgz#8f785308926ed5aa478c47e64d1b334b6c0c947d"
  integrity sha1-j3hTCJJu1apHjEfmTRszS2wMlH0=

array-series@~0.1.5:
  version "0.1.5"
  resolved "https://registry.yarnpkg.com/array-series/-/array-series-0.1.5.tgz#df5d37bfc5c2ef0755e2aa4f92feae7d4b5a972f"
  integrity sha1-3103v8XC7wdV4qpPkv6ufUtaly8=

assured@^1.0.12:
  version "1.0.15"
  resolved "https://registry.yarnpkg.com/assured/-/assured-1.0.15.tgz#f87479e8eaed7bddf2a0589571e390c989e8fe17"
  integrity sha512-EVb4T+6m5VdlTJ6gbv4WjBM1rHfzXP2BspsQ6VLswcnIQSabjJy7A9YEuG4/KmfF+9OEuT5xhqVJ+V1tClD5ww==
  dependencies:
    noop6 "^1.0.1"
    sliced "^1.0.1"

at-least-node@^1.0.0:
  version "1.0.0"
  resolved "https://registry.yarnpkg.com/at-least-node/-/at-least-node-1.0.0.tgz#602cd4b46e844ad4effc92a8011a3c46e0238dc2"
  integrity sha512-+q/t7Ekv1EDY2l6Gda6LLiX14rU9TV20Wa3ofeQmwPFZbOMo9DXrLbOjFaaclkXKWidIaopwAObQDqwWtGUjqg==

cb-buffer@^2.0.0:
  version "2.1.9"
  resolved "https://registry.yarnpkg.com/cb-buffer/-/cb-buffer-2.1.9.tgz#1d29d15db0250a177199f0c05a74f043aeacffcb"
  integrity sha512-cGPW0zPBLI++nx3iVhC4mkafh7/PsTpNPSLkH0mYs0vlyE3wsyRIP0Uiz4wEGWu0tjd+62kM1muZN6nXUXNRvQ==

cross-spawn@^4.0.0:
  version "4.0.2"
  resolved "https://registry.yarnpkg.com/cross-spawn/-/cross-spawn-4.0.2.tgz#7b9247621c23adfdd3856004a823cbe397424d41"
  integrity sha1-e5JHYhwjrf3ThWAEqCPL45dCTUE=
  dependencies:
    lru-cache "^4.0.1"
    which "^1.2.9"

debug@^3.1.0:
  version "3.2.7"
  resolved "https://registry.yarnpkg.com/debug/-/debug-3.2.7.tgz#72580b7e9145fb39b6676f9c5e5fb100b934179a"
  integrity sha512-CFjzYYAi4ThfiQvizrFQevTTXHtnCqWfe7x1AhgEscTz6ZbLbfoLRLPugTQyBth6f8ZERVUSyWHFD/7Wu4t1XQ==
  dependencies:
    ms "^2.1.1"

deffy@2.0.0:
  version "2.0.0"
  resolved "https://registry.yarnpkg.com/deffy/-/deffy-2.0.0.tgz#f82e08eea518c4a0a30b1f03ec504d248af28932"
  integrity sha1-+C4I7qUYxKCjCx8D7FBNJIryiTI=
  dependencies:
    typpy "^2.0.0"

deffy@^2.2.1, deffy@^2.2.2:
  version "2.2.4"
  resolved "https://registry.yarnpkg.com/deffy/-/deffy-2.2.4.tgz#53c1b5f59b58a58150b1c9de5529229875c4cc17"
  integrity sha512-pLc9lsbsWjr6RxmJ2OLyvm+9l4j1yK69h+TML/gUit/t3vTijpkNGh8LioaJYTGO7F25m6HZndADcUOo2PsiUg==
  dependencies:
    typpy "^2.0.0"

err@^1.1.1:
  version "1.1.1"
  resolved "https://registry.yarnpkg.com/err/-/err-1.1.1.tgz#eb928e2e11a316648f782833d0f97258ba43c2f8"
  integrity sha1-65KOLhGjFmSPeCgz0PlyWLpDwvg=
  dependencies:
    typpy "^2.2.0"

follow-redirects@^1.4.1:
  version "1.13.3"
  resolved "https://registry.yarnpkg.com/follow-redirects/-/follow-redirects-1.13.3.tgz#e5598ad50174c1bc4e872301e82ac2cd97f90267"
  integrity sha512-DUgl6+HDzB0iEptNQEXLx/KhTmDb8tZUHSeLqpnjpknR70H0nC2t9N73BK6fN4hOvJ84pKlIQVQ4k5FFlBedKA==

fs-extra@^9.1.0:
  version "9.1.0"
  resolved "https://registry.yarnpkg.com/fs-extra/-/fs-extra-9.1.0.tgz#5954460c764a8da2094ba3554bf839e6b9a7c86d"
  integrity sha512-hcg3ZmepS30/7BSFqRvoo3DOMQu7IjqxO5nCDt+zM9XWjb33Wg7ziNT+Qvqbuc3+gWpzO02JubVyk2G4Zvo1OQ==
  dependencies:
    at-least-node "^1.0.0"
    graceful-fs "^4.2.0"
    jsonfile "^6.0.1"
    universalify "^2.0.0"

function.name@^1.0.3:
  version "1.0.13"
  resolved "https://registry.yarnpkg.com/function.name/-/function.name-1.0.13.tgz#eef045abc4b5ff4e3e9d001a53ce14e090c971c6"
  integrity sha512-mVrqdoy5npWZyoXl4DxCeuVF6delDcQjVS9aPdvLYlBxtMTZDR2B5GVEQEoM1jJyspCqg3C0v4ABkLE7tp9xFA==
  dependencies:
    noop6 "^1.0.1"

gm-installed@^1.0.0:
  version "1.0.10"
  resolved "https://registry.yarnpkg.com/gm-installed/-/gm-installed-1.0.10.tgz#38064432935764aacc3ae631651933551152c9f0"
  integrity sha512-1THgBqOSD0erV6BFKsGwzn90P1qGc9TFrGSm2f2BSjYE1peSiHVK09GFYPdwsSHQXYH6NEuqbAKij97Ok7ptDg==
  dependencies:
    prgm-installed "^1.0.1"

gm-tools@^1.0.0:
  version "1.0.12"
  resolved "https://registry.yarnpkg.com/gm-tools/-/gm-tools-1.0.12.tgz#a660c1a86ab7088a483b09a464c0690e63cb84e0"
  integrity sha512-7LKCMGiAQkmyeCoABd+2VzZHF5aLpFZlWzyhApP9cmRREQ/HHBb9N04O97G1CY1Bbc8+qTl8Y80GcUsJK9vImQ==
  dependencies:
    gm "^1.23.1"
    iterate-object "^1.3.1"
    pixel-class "^1.0.0"
    pngjs "^2.2.0"
    same-time "^2.3.1"

gm@^1.23.1:
  version "1.23.1"
  resolved "https://registry.yarnpkg.com/gm/-/gm-1.23.1.tgz#2edeeb958084d0f8ea7988e5d995b1c7dfc14777"
  integrity sha1-Lt7rlYCE0PjqeYjl2ZWxx9/BR3c=
  dependencies:
    array-parallel "~0.1.3"
    array-series "~0.1.5"
    cross-spawn "^4.0.0"
    debug "^3.1.0"

graceful-fs@^4.1.6, graceful-fs@^4.2.0:
  version "4.2.6"
  resolved "https://registry.yarnpkg.com/graceful-fs/-/graceful-fs-4.2.6.tgz#ff040b2b0853b23c3d31027523706f1885d76bee"
  integrity sha512-nTnJ528pbqxYanhpDYsi4Rd8MAeaBA67+RZ10CM1m3bTAVFEDcd5AuA4a6W5YkGZ1iNXHzZz8T6TBKLeBuNriQ==

image-parser@^1.2.8:
  version "1.2.8"
  resolved "https://registry.yarnpkg.com/image-parser/-/image-parser-1.2.8.tgz#b2a2c4118cd096a900cfe6f02c08e06df0c1164f"
  integrity sha512-kOh01EC1ltKgnVgXdUsZJgjBhSOCLpgVh5TnNcQ5wJFZxi0J7XA0c+mjvMoKHN/sj69qmU4Y+UqRExkYtU6sFA==
  dependencies:
    cb-buffer "^2.0.0"
    err "^1.1.1"
    gm-tools "^1.0.0"
    lwipify "^2.0.0"
    noop6 "^1.0.4"
    pixel-class "^1.0.0"

is-ssh@^1.3.0:
  version "1.3.2"
  resolved "https://registry.yarnpkg.com/is-ssh/-/is-ssh-1.3.2.tgz#a4b82ab63d73976fd8263cceee27f99a88bdae2b"
  integrity sha512-elEw0/0c2UscLrNG+OAorbP539E3rhliKPg+hDMWN9VwrDXfYK+4PBEykDPfxlYYtQvl84TascnQyobfQLHEhQ==
  dependencies:
    protocols "^1.1.0"

isexe@^2.0.0:
  version "2.0.0"
  resolved "https://registry.yarnpkg.com/isexe/-/isexe-2.0.0.tgz#e8fbf374dc556ff8947a10dcb0572d633f2cfa10"
  integrity sha1-6PvzdNxVb/iUehDcsFctYz8s+hA=

iterate-object@^1.3.1:
  version "1.3.4"
  resolved "https://registry.yarnpkg.com/iterate-object/-/iterate-object-1.3.4.tgz#fa50b1d9e58e340a7dd6b4c98c8a5e182e790096"
  integrity sha512-4dG1D1x/7g8PwHS9aK6QV5V94+ZvyP4+d19qDv43EzImmrndysIl4prmJ1hWWIGCqrZHyaHBm6BSEWHOLnpoNw==

jpeg-js@^0.4.3:
  version "0.4.3"
  resolved "https://registry.yarnpkg.com/jpeg-js/-/jpeg-js-0.4.3.tgz#6158e09f1983ad773813704be80680550eff977b"
  integrity sha512-ru1HWKek8octvUHFHvE5ZzQ1yAsJmIvRdGWvSoKV52XKyuyYA437QWDttXT8eZXDSbuMpHlLzPDZUPd6idIz+Q==

jsonfile@^6.0.1:
  version "6.1.0"
  resolved "https://registry.yarnpkg.com/jsonfile/-/jsonfile-6.1.0.tgz#bc55b2634793c679ec6403094eb13698a6ec0aae"
  integrity sha512-5dgndWOriYSm5cnYaJNhalLNDKOqFwyDB/rr1E9ZsGciGvKPs8R2xYGCacuf3z6K1YKDz182fd+fY3cn3pMqXQ==
  dependencies:
    universalify "^2.0.0"
  optionalDependencies:
    graceful-fs "^4.1.6"

lru-cache@^4.0.1:
  version "4.1.5"
  resolved "https://registry.yarnpkg.com/lru-cache/-/lru-cache-4.1.5.tgz#8bbe50ea85bed59bc9e33dcab8235ee9bcf443cd"
  integrity sha512-sWZlbEP2OsHNkXrMl5GYk/jKk70MBng6UU4YI/qGDYbgf6YbP4EvmqISbXCoJiRKs+1bSpFHVgQxvJ17F2li5g==
  dependencies:
    pseudomap "^1.0.2"
    yallist "^2.1.2"

lwip2@^1.0.0:
  version "1.0.15"
  resolved "https://registry.yarnpkg.com/lwip2/-/lwip2-1.0.15.tgz#cd33dfea0864b9945fc8f511e468046ee620a56b"
  integrity sha512-ZZUsudB8PqvoED48F9yiulmhEwiJUfigCad4PVO0da6DlTAEuBNuwWyAQTPToEHYTfFyuY6sirpio7iSosJfNA==
  dependencies:
    err "^1.1.1"
    gm-installed "^1.0.0"

lwipify@^2.0.0:
  version "2.0.13"
  resolved "https://registry.yarnpkg.com/lwipify/-/lwipify-2.0.13.tgz#dc28126d1ba1c723442ee35ef43fbdb4132fa8e1"
  integrity sha512-x8NfMa/Eo6FN3u61lngaPNYAj+4qj5vICyda+Z/BV62agagh4mgI9lLuDGaQSo99Z8hkAbzoSyibSVPSGDFIsw==
  dependencies:
    lwip2 "^1.0.0"
    noop6 "^1.0.1"
    tinyreq "^3.1.4"
    url-remote "^1.1.0"

ms@^2.1.1:
  version "2.1.3"
  resolved "https://registry.yarnpkg.com/ms/-/ms-2.1.3.tgz#574c8138ce1d2b5861f0b44579dbadd60c6615b2"
  integrity sha512-6FlzubTLZG3J2a/NVCAleEhjzq5oxgHyaCU9yYXvcLsvoVaHJq/s5xXI6/XXP6tz7R9xAOtHnSO/tXtF3WRTlA==

noop6@^1.0.1, noop6@^1.0.4, noop6@^1.0.7:
  version "1.0.9"
  resolved "https://registry.yarnpkg.com/noop6/-/noop6-1.0.9.tgz#8749944c15c09f2cd2d562ac24f5a8341762a950"
  integrity sha512-DB3Hwyd89dPr5HqEPg3YHjzvwh/mCqizC1zZ8vyofqc+TQRyPDnT4wgXXbLGF4z9YAzwwTLi8pNLhGqcbSjgkA==

parse-url@^1.3.0:
  version "1.3.11"
  resolved "https://registry.yarnpkg.com/parse-url/-/parse-url-1.3.11.tgz#57c15428ab8a892b1f43869645c711d0e144b554"
  integrity sha1-V8FUKKuKiSsfQ4aWRccR0OFEtVQ=
  dependencies:
    is-ssh "^1.3.0"
    protocols "^1.4.0"

pixel-class@^1.0.0:
  version "1.0.9"
  resolved "https://registry.yarnpkg.com/pixel-class/-/pixel-class-1.0.9.tgz#0f88ee3fbd7599931effb09daebb9cbbe3fcb1c7"
  integrity sha512-AAf8MJe3O/wa76ptHtU9Q1JNNizUHro++o2AeRR1XyS1EPX+xjLTPjVDlLToTDCPFrOJgyOyK5TNgCPbSCl4gg==
  dependencies:
    deffy "^2.2.1"

pngjs@^2.2.0:
  version "2.3.1"
  resolved "https://registry.yarnpkg.com/pngjs/-/pngjs-2.3.1.tgz#11d1e12b9cb64d63e30c143a330f4c1f567da85f"
  integrity sha1-EdHhK5y2TWPjDBQ6Mw9MH1Z9qF8=

pngjs@^6.0.0:
  version "6.0.0"
  resolved "https://registry.yarnpkg.com/pngjs/-/pngjs-6.0.0.tgz#ca9e5d2aa48db0228a52c419c3308e87720da821"
  integrity sha512-TRzzuFRRmEoSW/p1KVAmiOgPco2Irlah+bGFCeNfJXxxYGwSw7YwAOAcd7X28K/m5bjBWKsC29KyoMfHbypayg==

prgm-installed@^1.0.1:
  version "1.0.11"
  resolved "https://registry.yarnpkg.com/prgm-installed/-/prgm-installed-1.0.11.tgz#edee7f1dd1edec39f6fbca5e6eefa3d074070749"
  integrity sha512-hmDwovCNtzck+TwA7DdabpPTZCoORTj0PlKcID8gdRlPUNpfTNxRI1x11kpz1K/dXvtCCPMSUJGnYCkXPbZXVQ==
  dependencies:
    which "^1.2.4"

protocols@^1.1.0, protocols@^1.4.0:
  version "1.4.8"
  resolved "https://registry.yarnpkg.com/protocols/-/protocols-1.4.8.tgz#48eea2d8f58d9644a4a32caae5d5db290a075ce8"
  integrity sha512-IgjKyaUSjsROSO8/D49Ab7hP8mJgTYcqApOqdPhLoPxAplXmkp+zRvsrSQjFn5by0rhm4VH0GAUELIPpx7B1yg==

pseudomap@^1.0.2:
  version "1.0.2"
  resolved "https://registry.yarnpkg.com/pseudomap/-/pseudomap-1.0.2.tgz#f052a28da70e618917ef0a8ac34c1ae5a68286b3"
  integrity sha1-8FKijacOYYkX7wqKw0wa5aaChrM=

same-time@^2.3.1:
  version "2.3.5"
  resolved "https://registry.yarnpkg.com/same-time/-/same-time-2.3.5.tgz#d4f49f363d3d571508f5bc9554841f85f67b63f5"
  integrity sha512-SnVw4CihgrwwcZs38vqW1890OwilOQPnath+kQCX7Un+PfcjR52rThxPfuNpNEd3UrphL22/SleM7hcbiaJu1A==
  dependencies:
    deffy "2.0.0"

sliced@^1.0.1:
  version "1.0.1"
  resolved "https://registry.yarnpkg.com/sliced/-/sliced-1.0.1.tgz#0b3a662b5d04c3177b1926bea82b03f837a2ef41"
  integrity sha1-CzpmK10Ewxd7GSa+qCsD+Dei70E=

tinyreq@^3.1.4:
  version "3.4.2"
  resolved "https://registry.yarnpkg.com/tinyreq/-/tinyreq-3.4.2.tgz#77eacb8033e126eea7dfcfd43539b92fef652831"
  integrity sha512-VHl9n2w2t1HD9ftvbmYMA99g/yeioIRhpxT5cazb/jo2Vld5ZtPEVW4PhBFgNXjdL2ch8j6z0cawDCF7eIFZsQ==
  dependencies:
    assured "^1.0.12"
    follow-redirects "^1.4.1"
    noop6 "^1.0.7"
    ul "^5.2.13"

typpy@^2.0.0, typpy@^2.2.0, typpy@^2.3.4:
  version "2.3.13"
  resolved "https://registry.yarnpkg.com/typpy/-/typpy-2.3.13.tgz#7e16a3aa83d7eecdfbd5ee615b9ffd785887ee7e"
  integrity sha512-vOxIcQz9sxHi+rT09SJ5aDgVgrPppQjwnnayTrMye1ODaU8gIZTDM19t9TxmEElbMihx2Nq/0/b/MtyKfayRqA==
  dependencies:
    function.name "^1.0.3"

ul@^5.2.13:
  version "5.2.15"
  resolved "https://registry.yarnpkg.com/ul/-/ul-5.2.15.tgz#426425355ae15df2d5d09b351aade26ed06dd9ed"
  integrity sha512-svLEUy8xSCip5IWnsRa0UOg+2zP0Wsj4qlbjTmX6GJSmvKMHADBuHOm1dpNkWqWPIGuVSqzUkV3Cris5JrlTRQ==
  dependencies:
    deffy "^2.2.2"
    typpy "^2.3.4"

universalify@^2.0.0:
  version "2.0.0"
  resolved "https://registry.yarnpkg.com/universalify/-/universalify-2.0.0.tgz#75a4984efedc4b08975c5aeb73f530d02df25717"
  integrity sha512-hAZsKq7Yy11Zu1DE0OzWjw7nnLZmJZYTDZZyEFHZdUhV8FkH5MCfoU1XMaxXovpyW5nq5scPqq0ZDP9Zyl04oQ==

url-local@^1.0.1:
  version "1.1.9"
  resolved "https://registry.yarnpkg.com/url-local/-/url-local-1.1.9.tgz#6ee6ad678f6c5aa107c57a5fbf97d08b63c23b15"
  integrity sha512-4SmavOiTqOPjGCkR06kTANhpDfiWDgXWrsjUiygk2lJiEiAa9DL6I6+YwPAKG1ex0XEAkSarl4UnLpPe+cuifA==
  dependencies:
    parse-url "^1.3.0"

url-remote@^1.1.0:
  version "1.1.9"
  resolved "https://registry.yarnpkg.com/url-remote/-/url-remote-1.1.9.tgz#a0f7363159d437975fcb3af3ad426fa1dde81e41"
  integrity sha512-pfMfB7yR0bMTx+9XXOXpRix9dEdfrnPA/R2GgdHYnJLeO4RqgxtbKQpFYGBVIXfmFUh/x2ceYxgi9BgUE5tKNA==
  dependencies:
    url-local "^1.0.1"

which@^1.2.4, which@^1.2.9:
  version "1.3.1"
  resolved "https://registry.yarnpkg.com/which/-/which-1.3.1.tgz#a45043d54f5805316da8d62f9f50918d3da70b0a"
  integrity sha512-HxJdYWq1MTIQbJ3nw0cqssHoTNU267KlrDuGZ1WYlxDStUtKUhOaJmh112/TZmHxxUfuJqPXSOm7tDyas0OSIQ==
  dependencies:
    isexe "^2.0.0"

yallist@^2.1.2:
  version "2.1.2"
  resolved "https://registry.yarnpkg.com/yallist/-/yallist-2.1.2.tgz#1c11f9218f076089a47dd512f93c6699a6a81d52"
  integrity sha1-HBH5IY8HYImkfdUS+TxmmaaoHVI=
